
Microsoft Visual Studio Solution File, Format Version 12.00
# Visual Studio Version 16
VisualStudioVersion = 16.0.30804.86
MinimumVisualStudioVersion = 10.0.40219.1
Project("{FAE04EC0-301F-11D3-BF4B-00C04F79EFBC}") = "HomeWork9", "Clawler\HomeWork9.csproj", "{C23A589B-ADFC-44C5-959A-308115D31CF0}"
EndProject
Global
	GlobalSection(SolutionConfigurationPlatforms) = preSolution
		Debug|Any CPU = Debug|Any CPU
		Release|Any CPU = Release|Any CPU
	EndGlobalSection
	GlobalSection(ProjectConfigurationPlatforms) = postSolution
		{C23A589B-ADFC-44C5-959A-308115D31CF0}.Debug|Any CPU.ActiveCfg = Debug|Any CPU
		{C23A589B-ADFC-44C5-959A-308115D31CF0}.Debug|Any CPU.Build.0 = Debug|Any CPU
		{C23A589B-ADFC-44C5-959A-308115D31CF0}.Release|Any CPU.ActiveCfg = Release|Any CPU
		{C23A589B-ADFC-44C5-959A-308115D31CF0}.Release|Any CPU.Build.0 = Release|Any CPU
	EndGlobalSection
	GlobalSection(SolutionProperties) = preSolution
		HideSolutionNode = FALSE
	EndGlobalSection
	GlobalSection(ExtensibilityGlobals) = postSolution
		SolutionGuid = {EF3B6C6A-31E8-4443-AD07-5E9A513CB07F}
	EndGlobalSection
EndGlobal
