
Microsoft Visual Studio Solution File, Format Version 12.00
# Visual Studio Version 16
VisualStudioVersion = 16.0.30804.86
MinimumVisualStudioVersion = 10.0.40219.1
Project("{FAE04EC0-301F-11D3-BF4B-00C04F79EFBC}") = "CalculatorInConsole", "CalculatorInConsole\CalculatorInConsole.csproj", "{FC3169AB-6901-49F8-BA3F-A0A631B4EC47}"
EndProject
Project("{FAE04EC0-301F-11D3-BF4B-00C04F79EFBC}") = "CalculatorInWindows", "CalculatorInWindows\CalculatorInWindows.csproj", "{023C331D-364B-400F-92BF-7AC5205F0270}"
EndProject
Global
	GlobalSection(SolutionConfigurationPlatforms) = preSolution
		Debug|Any CPU = Debug|Any CPU
		Release|Any CPU = Release|Any CPU
	EndGlobalSection
	GlobalSection(ProjectConfigurationPlatforms) = postSolution
		{FC3169AB-6901-49F8-BA3F-A0A631B4EC47}.Debug|Any CPU.ActiveCfg = Debug|Any CPU
		{FC3169AB-6901-49F8-BA3F-A0A631B4EC47}.Debug|Any CPU.Build.0 = Debug|Any CPU
		{FC3169AB-6901-49F8-BA3F-A0A631B4EC47}.Release|Any CPU.ActiveCfg = Release|Any CPU
		{FC3169AB-6901-49F8-BA3F-A0A631B4EC47}.Release|Any CPU.Build.0 = Release|Any CPU
		{023C331D-364B-400F-92BF-7AC5205F0270}.Debug|Any CPU.ActiveCfg = Debug|Any CPU
		{023C331D-364B-400F-92BF-7AC5205F0270}.Debug|Any CPU.Build.0 = Debug|Any CPU
		{023C331D-364B-400F-92BF-7AC5205F0270}.Release|Any CPU.ActiveCfg = Release|Any CPU
		{023C331D-364B-400F-92BF-7AC5205F0270}.Release|Any CPU.Build.0 = Release|Any CPU
	EndGlobalSection
	GlobalSection(SolutionProperties) = preSolution
		HideSolutionNode = FALSE
	EndGlobalSection
	GlobalSection(ExtensibilityGlobals) = postSolution
		SolutionGuid = {BA99CB2E-086A-4BAA-944F-556F35F29220}
	EndGlobalSection
EndGlobal
