
Microsoft Visual Studio Solution File, Format Version 12.00
# Visual Studio Version 16
VisualStudioVersion = 16.0.30804.86
MinimumVisualStudioVersion = 10.0.40219.1
Project("{FAE04EC0-301F-11D3-BF4B-00C04F79EFBC}") = "CayleyTree", "CayleyTree\CayleyTree.csproj", "{0B2F359B-8B04-4EF1-935B-12DAA74CF178}"
EndProject
Global
	GlobalSection(SolutionConfigurationPlatforms) = preSolution
		Debug|Any CPU = Debug|Any CPU
		Release|Any CPU = Release|Any CPU
	EndGlobalSection
	GlobalSection(ProjectConfigurationPlatforms) = postSolution
		{0B2F359B-8B04-4EF1-935B-12DAA74CF178}.Debug|Any CPU.ActiveCfg = Debug|Any CPU
		{0B2F359B-8B04-4EF1-935B-12DAA74CF178}.Debug|Any CPU.Build.0 = Debug|Any CPU
		{0B2F359B-8B04-4EF1-935B-12DAA74CF178}.Release|Any CPU.ActiveCfg = Release|Any CPU
		{0B2F359B-8B04-4EF1-935B-12DAA74CF178}.Release|Any CPU.Build.0 = Release|Any CPU
	EndGlobalSection
	GlobalSection(SolutionProperties) = preSolution
		HideSolutionNode = FALSE
	EndGlobalSection
	GlobalSection(ExtensibilityGlobals) = postSolution
		SolutionGuid = {5B390561-6B4B-4B30-B8E6-15734C8B6897}
	EndGlobalSection
EndGlobal
