
Microsoft Visual Studio Solution File, Format Version 12.00
# Visual Studio Version 16
VisualStudioVersion = 16.0.30804.86
MinimumVisualStudioVersion = 10.0.40219.1
Project("{FAE04EC0-301F-11D3-BF4B-00C04F79EFBC}") = "CalculatorInConsole", "CalculatorInConsole\CalculatorInConsole.csproj", "{DDF3F1B8-B1C8-4D7F-89CB-B222101AF3E3}"
EndProject
Global
	GlobalSection(SolutionConfigurationPlatforms) = preSolution
		Debug|Any CPU = Debug|Any CPU
		Release|Any CPU = Release|Any CPU
	EndGlobalSection
	GlobalSection(ProjectConfigurationPlatforms) = postSolution
		{DDF3F1B8-B1C8-4D7F-89CB-B222101AF3E3}.Debug|Any CPU.ActiveCfg = Debug|Any CPU
		{DDF3F1B8-B1C8-4D7F-89CB-B222101AF3E3}.Debug|Any CPU.Build.0 = Debug|Any CPU
		{DDF3F1B8-B1C8-4D7F-89CB-B222101AF3E3}.Release|Any CPU.ActiveCfg = Release|Any CPU
		{DDF3F1B8-B1C8-4D7F-89CB-B222101AF3E3}.Release|Any CPU.Build.0 = Release|Any CPU
	EndGlobalSection
	GlobalSection(SolutionProperties) = preSolution
		HideSolutionNode = FALSE
	EndGlobalSection
	GlobalSection(ExtensibilityGlobals) = postSolution
		SolutionGuid = {9AC5ABA4-D570-415A-9847-F93D57FC50A7}
	EndGlobalSection
EndGlobal
